
Microsoft Visual Studio Solution File, Format Version 12.00
# Visual Studio 15
VisualStudioVersion = 15.0.27703.2042
MinimumVisualStudioVersion = 10.0.40219.1
Project("{8BC9CEB8-8B4A-11D0-8D11-00A0C91BC942}") = "Lab7a", "Lab7a\Lab7a.vcxproj", "{DA6800C3-94EC-494E-8E59-F1DB1D516BEC}"
EndProject
Global
	GlobalSection(SolutionConfigurationPlatforms) = preSolution
		Debug|x64 = Debug|x64
		Debug|x86 = Debug|x86
		Release|x64 = Release|x64
		Release|x86 = Release|x86
	EndGlobalSection
	GlobalSection(ProjectConfigurationPlatforms) = postSolution
		{DA6800C3-94EC-494E-8E59-F1DB1D516BEC}.Debug|x64.ActiveCfg = Debug|x64
		{DA6800C3-94EC-494E-8E59-F1DB1D516BEC}.Debug|x64.Build.0 = Debug|x64
		{DA6800C3-94EC-494E-8E59-F1DB1D516BEC}.Debug|x86.ActiveCfg = Debug|Win32
		{DA6800C3-94EC-494E-8E59-F1DB1D516BEC}.Debug|x86.Build.0 = Debug|Win32
		{DA6800C3-94EC-494E-8E59-F1DB1D516BEC}.Release|x64.ActiveCfg = Release|x64
		{DA6800C3-94EC-494E-8E59-F1DB1D516BEC}.Release|x64.Build.0 = Release|x64
		{DA6800C3-94EC-494E-8E59-F1DB1D516BEC}.Release|x86.ActiveCfg = Release|Win32
		{DA6800C3-94EC-494E-8E59-F1DB1D516BEC}.Release|x86.Build.0 = Release|Win32
	EndGlobalSection
	GlobalSection(SolutionProperties) = preSolution
		HideSolutionNode = FALSE
	EndGlobalSection
	GlobalSection(ExtensibilityGlobals) = postSolution
		SolutionGuid = {A740EA46-9714-46FC-9B32-A58F8213F9EF}
	EndGlobalSection
EndGlobal
